{
  "dependencies": {
    "node-sass": {
      "version": "0.7.0",
      "dependencies": {
        "mkdirp": {
          "version": "0.3.5"
        },
        "colors": {
          "version": "0.6.0-1"
        },
        "optimist": {
          "version": "0.6.0",
          "dependencies": {
            "wordwrap": {
              "version": "0.0.2"
            },
            "minimist": {
              "version": "0.0.5"
            }
          }
        },
        "node-watch": {
          "version": "0.3.4"
        },
        "mocha": {
          "version": "1.13.0",
          "dependencies": {
            "commander": {
              "version": "0.6.1"
            },
            "growl": {
              "version": "1.7.0"
            },
            "jade": {
              "version": "0.26.3",
              "dependencies": {
                "mkdirp": {
                  "version": "0.3.0"
                }
              }
            },
            "diff": {
              "version": "1.0.7"
            },
            "debug": {
              "version": "0.7.4"
            },
            "glob": {
              "version": "3.2.3",
              "dependencies": {
                "minimatch": {
                  "version": "0.2.12",
                  "dependencies": {
                    "lru-cache": {
                      "version": "2.5.0"
                    },
                    "sigmund": {
                      "version": "1.0.0"
                    }
                  }
                },
                "graceful-fs": {
                  "version": "2.0.1"
                },
                "inherits": {
                  "version": "2.0.1"
                }
              }
            }
          }
        }
      }
    }
  }
}
